
Microsoft Visual Studio Solution File, Format Version 12.00
# Visual Studio 15
VisualStudioVersion = 15.0.27004.2010
MinimumVisualStudioVersion = 10.0.40219.1
Project("{FAE04EC0-301F-11D3-BF4B-00C04F79EFBC}") = "AutomationFramework", "AutomationFramework\AutomationFramework.csproj", "{E525219F-0592-419C-9B12-FEB3088F4D53}"
EndProject
Project("{FAE04EC0-301F-11D3-BF4B-00C04F79EFBC}") = "Amazon", "Amazon\Amazon.csproj", "{8C671ED1-E2C3-4A18-AC5F-7FEF4A5A5DA4}"
EndProject
Project("{FAE04EC0-301F-11D3-BF4B-00C04F79EFBC}") = "PracticeRnD", "PracticeRnD\PracticeRnD.csproj", "{5582F05B-28D5-435A-AE84-341BECDF9578}"
EndProject
Project("{FAE04EC0-301F-11D3-BF4B-00C04F79EFBC}") = "IntroductionToCSharp", "IntroductionToCSharp\IntroductionToCSharp.csproj", "{F2DD76A9-A770-4257-B5BA-ABB9B2363FE8}"
EndProject
Project("{FAE04EC0-301F-11D3-BF4B-00C04F79EFBC}") = "JaggedArray", "JaggedArray\JaggedArray.csproj", "{644EB232-166A-4108-A084-5E6E15E458FF}"
EndProject
Project("{FAE04EC0-301F-11D3-BF4B-00C04F79EFBC}") = "AbstractClassConcept", "AbstractClassConcept\AbstractClassConcept.csproj", "{8983F24B-6E67-43A1-A72B-F88B2DC0CA9E}"
EndProject
Project("{FAE04EC0-301F-11D3-BF4B-00C04F79EFBC}") = "RecursiveFunctions", "RecursiveFunctions\RecursiveFunctions.csproj", "{2D588673-A2D7-499E-9ED7-33BCF7A215DC}"
EndProject
Project("{FAE04EC0-301F-11D3-BF4B-00C04F79EFBC}") = "FilesRecursion", "FilesRecursion\FilesRecursion.csproj", "{CF20E1F3-CD8D-4FBB-879D-099FA34B115C}"
EndProject
Project("{FAE04EC0-301F-11D3-BF4B-00C04F79EFBC}") = "DataTypes", "DataTypes\DataTypes.csproj", "{7788575E-B9BC-4725-B743-A82C604AB3BA}"
EndProject
Project("{FAE04EC0-301F-11D3-BF4B-00C04F79EFBC}") = "NullableDataTypesAndNullColaescing", "NullableDataTypesAndNullColaescing\NullableDataTypesAndNullColaescing.csproj", "{B13567C1-4D24-46A7-84C9-01753013C8A2}"
EndProject
Project("{FAE04EC0-301F-11D3-BF4B-00C04F79EFBC}") = "InheritanceConcepts", "InheritanceConcepts\InheritanceConcepts.csproj", "{C843D2D6-934E-48DD-8C4A-FDCDC67D5193}"
EndProject
Project("{FAE04EC0-301F-11D3-BF4B-00C04F79EFBC}") = "PolymorphismConcept", "PolymorphismConcept\PolymorphismConcept.csproj", "{447208C9-8346-49D0-980F-FF2732DDDBB9}"
EndProject
Project("{FAE04EC0-301F-11D3-BF4B-00C04F79EFBC}") = "Interfaces", "Interfaces\Interfaces.csproj", "{9CBAADCD-FE9A-48FC-A22D-FF36E88F9314}"
EndProject
Project("{FAE04EC0-301F-11D3-BF4B-00C04F79EFBC}") = "ExplicitInterfaceImplementation", "ExplicitInterfaceImplementation\ExplicitInterfaceImplementation.csproj", "{5A8C1756-96D8-4A4E-8BBA-2DAF21A438A1}"
EndProject
Project("{FAE04EC0-301F-11D3-BF4B-00C04F79EFBC}") = "AbstractClasses", "AbstractClasses\AbstractClasses.csproj", "{70494184-7946-4D75-8ED2-622CEFB2B084}"
EndProject
Project("{FAE04EC0-301F-11D3-BF4B-00C04F79EFBC}") = "ExceptionHandling", "ExceptionHandling\ExceptionHandling.csproj", "{329A07A5-21A3-4E94-BF36-843B686DA0CF}"
EndProject
Project("{FAE04EC0-301F-11D3-BF4B-00C04F79EFBC}") = "Collections", "Collections\Collections.csproj", "{38FBDCCF-AB92-4924-A8A3-F42AA0DD59F6}"
EndProject
Project("{FAE04EC0-301F-11D3-BF4B-00C04F79EFBC}") = "Properties", "Properties\Properties.csproj", "{3B031D98-5943-46AB-BA5A-10D7353BE798}"
EndProject
Project("{FAE04EC0-301F-11D3-BF4B-00C04F79EFBC}") = "PartialClassConcept", "PartialClassConcept\PartialClassConcept.csproj", "{175421D0-15F7-4DD6-BC25-59ED049C29E9}"
EndProject
Global
	GlobalSection(SolutionConfigurationPlatforms) = preSolution
		Debug|Any CPU = Debug|Any CPU
		Release|Any CPU = Release|Any CPU
	EndGlobalSection
	GlobalSection(ProjectConfigurationPlatforms) = postSolution
		{E525219F-0592-419C-9B12-FEB3088F4D53}.Debug|Any CPU.ActiveCfg = Debug|Any CPU
		{E525219F-0592-419C-9B12-FEB3088F4D53}.Debug|Any CPU.Build.0 = Debug|Any CPU
		{E525219F-0592-419C-9B12-FEB3088F4D53}.Release|Any CPU.ActiveCfg = Release|Any CPU
		{E525219F-0592-419C-9B12-FEB3088F4D53}.Release|Any CPU.Build.0 = Release|Any CPU
		{8C671ED1-E2C3-4A18-AC5F-7FEF4A5A5DA4}.Debug|Any CPU.ActiveCfg = Debug|Any CPU
		{8C671ED1-E2C3-4A18-AC5F-7FEF4A5A5DA4}.Debug|Any CPU.Build.0 = Debug|Any CPU
		{8C671ED1-E2C3-4A18-AC5F-7FEF4A5A5DA4}.Release|Any CPU.ActiveCfg = Release|Any CPU
		{8C671ED1-E2C3-4A18-AC5F-7FEF4A5A5DA4}.Release|Any CPU.Build.0 = Release|Any CPU
		{5582F05B-28D5-435A-AE84-341BECDF9578}.Debug|Any CPU.ActiveCfg = Debug|Any CPU
		{5582F05B-28D5-435A-AE84-341BECDF9578}.Debug|Any CPU.Build.0 = Debug|Any CPU
		{5582F05B-28D5-435A-AE84-341BECDF9578}.Release|Any CPU.ActiveCfg = Release|Any CPU
		{5582F05B-28D5-435A-AE84-341BECDF9578}.Release|Any CPU.Build.0 = Release|Any CPU
		{F2DD76A9-A770-4257-B5BA-ABB9B2363FE8}.Debug|Any CPU.ActiveCfg = Debug|Any CPU
		{F2DD76A9-A770-4257-B5BA-ABB9B2363FE8}.Debug|Any CPU.Build.0 = Debug|Any CPU
		{F2DD76A9-A770-4257-B5BA-ABB9B2363FE8}.Release|Any CPU.ActiveCfg = Release|Any CPU
		{F2DD76A9-A770-4257-B5BA-ABB9B2363FE8}.Release|Any CPU.Build.0 = Release|Any CPU
		{644EB232-166A-4108-A084-5E6E15E458FF}.Debug|Any CPU.ActiveCfg = Debug|Any CPU
		{644EB232-166A-4108-A084-5E6E15E458FF}.Debug|Any CPU.Build.0 = Debug|Any CPU
		{644EB232-166A-4108-A084-5E6E15E458FF}.Release|Any CPU.ActiveCfg = Release|Any CPU
		{644EB232-166A-4108-A084-5E6E15E458FF}.Release|Any CPU.Build.0 = Release|Any CPU
		{8983F24B-6E67-43A1-A72B-F88B2DC0CA9E}.Debug|Any CPU.ActiveCfg = Debug|Any CPU
		{8983F24B-6E67-43A1-A72B-F88B2DC0CA9E}.Debug|Any CPU.Build.0 = Debug|Any CPU
		{8983F24B-6E67-43A1-A72B-F88B2DC0CA9E}.Release|Any CPU.ActiveCfg = Release|Any CPU
		{8983F24B-6E67-43A1-A72B-F88B2DC0CA9E}.Release|Any CPU.Build.0 = Release|Any CPU
		{2D588673-A2D7-499E-9ED7-33BCF7A215DC}.Debug|Any CPU.ActiveCfg = Debug|Any CPU
		{2D588673-A2D7-499E-9ED7-33BCF7A215DC}.Debug|Any CPU.Build.0 = Debug|Any CPU
		{2D588673-A2D7-499E-9ED7-33BCF7A215DC}.Release|Any CPU.ActiveCfg = Release|Any CPU
		{2D588673-A2D7-499E-9ED7-33BCF7A215DC}.Release|Any CPU.Build.0 = Release|Any CPU
		{CF20E1F3-CD8D-4FBB-879D-099FA34B115C}.Debug|Any CPU.ActiveCfg = Debug|Any CPU
		{CF20E1F3-CD8D-4FBB-879D-099FA34B115C}.Debug|Any CPU.Build.0 = Debug|Any CPU
		{CF20E1F3-CD8D-4FBB-879D-099FA34B115C}.Release|Any CPU.ActiveCfg = Release|Any CPU
		{CF20E1F3-CD8D-4FBB-879D-099FA34B115C}.Release|Any CPU.Build.0 = Release|Any CPU
		{7788575E-B9BC-4725-B743-A82C604AB3BA}.Debug|Any CPU.ActiveCfg = Debug|Any CPU
		{7788575E-B9BC-4725-B743-A82C604AB3BA}.Debug|Any CPU.Build.0 = Debug|Any CPU
		{7788575E-B9BC-4725-B743-A82C604AB3BA}.Release|Any CPU.ActiveCfg = Release|Any CPU
		{7788575E-B9BC-4725-B743-A82C604AB3BA}.Release|Any CPU.Build.0 = Release|Any CPU
		{B13567C1-4D24-46A7-84C9-01753013C8A2}.Debug|Any CPU.ActiveCfg = Debug|Any CPU
		{B13567C1-4D24-46A7-84C9-01753013C8A2}.Debug|Any CPU.Build.0 = Debug|Any CPU
		{B13567C1-4D24-46A7-84C9-01753013C8A2}.Release|Any CPU.ActiveCfg = Release|Any CPU
		{B13567C1-4D24-46A7-84C9-01753013C8A2}.Release|Any CPU.Build.0 = Release|Any CPU
		{C843D2D6-934E-48DD-8C4A-FDCDC67D5193}.Debug|Any CPU.ActiveCfg = Debug|Any CPU
		{C843D2D6-934E-48DD-8C4A-FDCDC67D5193}.Debug|Any CPU.Build.0 = Debug|Any CPU
		{C843D2D6-934E-48DD-8C4A-FDCDC67D5193}.Release|Any CPU.ActiveCfg = Release|Any CPU
		{C843D2D6-934E-48DD-8C4A-FDCDC67D5193}.Release|Any CPU.Build.0 = Release|Any CPU
		{447208C9-8346-49D0-980F-FF2732DDDBB9}.Debug|Any CPU.ActiveCfg = Debug|Any CPU
		{447208C9-8346-49D0-980F-FF2732DDDBB9}.Debug|Any CPU.Build.0 = Debug|Any CPU
		{447208C9-8346-49D0-980F-FF2732DDDBB9}.Release|Any CPU.ActiveCfg = Release|Any CPU
		{447208C9-8346-49D0-980F-FF2732DDDBB9}.Release|Any CPU.Build.0 = Release|Any CPU
		{9CBAADCD-FE9A-48FC-A22D-FF36E88F9314}.Debug|Any CPU.ActiveCfg = Debug|Any CPU
		{9CBAADCD-FE9A-48FC-A22D-FF36E88F9314}.Debug|Any CPU.Build.0 = Debug|Any CPU
		{9CBAADCD-FE9A-48FC-A22D-FF36E88F9314}.Release|Any CPU.ActiveCfg = Release|Any CPU
		{9CBAADCD-FE9A-48FC-A22D-FF36E88F9314}.Release|Any CPU.Build.0 = Release|Any CPU
		{5A8C1756-96D8-4A4E-8BBA-2DAF21A438A1}.Debug|Any CPU.ActiveCfg = Debug|Any CPU
		{5A8C1756-96D8-4A4E-8BBA-2DAF21A438A1}.Debug|Any CPU.Build.0 = Debug|Any CPU
		{5A8C1756-96D8-4A4E-8BBA-2DAF21A438A1}.Release|Any CPU.ActiveCfg = Release|Any CPU
		{5A8C1756-96D8-4A4E-8BBA-2DAF21A438A1}.Release|Any CPU.Build.0 = Release|Any CPU
		{70494184-7946-4D75-8ED2-622CEFB2B084}.Debug|Any CPU.ActiveCfg = Debug|Any CPU
		{70494184-7946-4D75-8ED2-622CEFB2B084}.Debug|Any CPU.Build.0 = Debug|Any CPU
		{70494184-7946-4D75-8ED2-622CEFB2B084}.Release|Any CPU.ActiveCfg = Release|Any CPU
		{70494184-7946-4D75-8ED2-622CEFB2B084}.Release|Any CPU.Build.0 = Release|Any CPU
		{329A07A5-21A3-4E94-BF36-843B686DA0CF}.Debug|Any CPU.ActiveCfg = Debug|Any CPU
		{329A07A5-21A3-4E94-BF36-843B686DA0CF}.Debug|Any CPU.Build.0 = Debug|Any CPU
		{329A07A5-21A3-4E94-BF36-843B686DA0CF}.Release|Any CPU.ActiveCfg = Release|Any CPU
		{329A07A5-21A3-4E94-BF36-843B686DA0CF}.Release|Any CPU.Build.0 = Release|Any CPU
		{38FBDCCF-AB92-4924-A8A3-F42AA0DD59F6}.Debug|Any CPU.ActiveCfg = Debug|Any CPU
		{38FBDCCF-AB92-4924-A8A3-F42AA0DD59F6}.Debug|Any CPU.Build.0 = Debug|Any CPU
		{38FBDCCF-AB92-4924-A8A3-F42AA0DD59F6}.Release|Any CPU.ActiveCfg = Release|Any CPU
		{38FBDCCF-AB92-4924-A8A3-F42AA0DD59F6}.Release|Any CPU.Build.0 = Release|Any CPU
		{3B031D98-5943-46AB-BA5A-10D7353BE798}.Debug|Any CPU.ActiveCfg = Debug|Any CPU
		{3B031D98-5943-46AB-BA5A-10D7353BE798}.Debug|Any CPU.Build.0 = Debug|Any CPU
		{3B031D98-5943-46AB-BA5A-10D7353BE798}.Release|Any CPU.ActiveCfg = Release|Any CPU
		{3B031D98-5943-46AB-BA5A-10D7353BE798}.Release|Any CPU.Build.0 = Release|Any CPU
		{175421D0-15F7-4DD6-BC25-59ED049C29E9}.Debug|Any CPU.ActiveCfg = Debug|Any CPU
		{175421D0-15F7-4DD6-BC25-59ED049C29E9}.Debug|Any CPU.Build.0 = Debug|Any CPU
		{175421D0-15F7-4DD6-BC25-59ED049C29E9}.Release|Any CPU.ActiveCfg = Release|Any CPU
		{175421D0-15F7-4DD6-BC25-59ED049C29E9}.Release|Any CPU.Build.0 = Release|Any CPU
	EndGlobalSection
	GlobalSection(SolutionProperties) = preSolution
		HideSolutionNode = FALSE
	EndGlobalSection
	GlobalSection(ExtensibilityGlobals) = postSolution
		SolutionGuid = {BA2229ED-6141-4861-B248-E6D8738EBF8A}
	EndGlobalSection
EndGlobal
